
Microsoft Visual Studio Solution File, Format Version 12.00
# Visual Studio 15
VisualStudioVersion = 15.0.28307.960
MinimumVisualStudioVersion = 10.0.40219.1
Project("{8BC9CEB8-8B4A-11D0-8D11-00A0C91BC942}") = "ObserverPattern", "ObserverPattern\ObserverPattern.vcxproj", "{65439A0F-1D0D-45E7-A1BB-095EDEA80F0A}"
EndProject
Global
	GlobalSection(SolutionConfigurationPlatforms) = preSolution
		Debug|x64 = Debug|x64
		Debug|x86 = Debug|x86
		Release|x64 = Release|x64
		Release|x86 = Release|x86
	EndGlobalSection
	GlobalSection(ProjectConfigurationPlatforms) = postSolution
		{65439A0F-1D0D-45E7-A1BB-095EDEA80F0A}.Debug|x64.ActiveCfg = Debug|x64
		{65439A0F-1D0D-45E7-A1BB-095EDEA80F0A}.Debug|x64.Build.0 = Debug|x64
		{65439A0F-1D0D-45E7-A1BB-095EDEA80F0A}.Debug|x86.ActiveCfg = Debug|Win32
		{65439A0F-1D0D-45E7-A1BB-095EDEA80F0A}.Debug|x86.Build.0 = Debug|Win32
		{65439A0F-1D0D-45E7-A1BB-095EDEA80F0A}.Release|x64.ActiveCfg = Release|x64
		{65439A0F-1D0D-45E7-A1BB-095EDEA80F0A}.Release|x64.Build.0 = Release|x64
		{65439A0F-1D0D-45E7-A1BB-095EDEA80F0A}.Release|x86.ActiveCfg = Release|Win32
		{65439A0F-1D0D-45E7-A1BB-095EDEA80F0A}.Release|x86.Build.0 = Release|Win32
	EndGlobalSection
	GlobalSection(SolutionProperties) = preSolution
		HideSolutionNode = FALSE
	EndGlobalSection
	GlobalSection(ExtensibilityGlobals) = postSolution
		SolutionGuid = {C421E96E-8AAE-4D34-9A3B-4ADFD807445C}
	EndGlobalSection
EndGlobal
