
Microsoft Visual Studio Solution File, Format Version 12.00
# Visual Studio 15
VisualStudioVersion = 15.0.28307.960
MinimumVisualStudioVersion = 10.0.40219.1
Project("{8BC9CEB8-8B4A-11D0-8D11-00A0C91BC942}") = "StatePattern", "StatePattern\StatePattern.vcxproj", "{6E2B8985-4B2B-4BA3-A792-451F2423F76B}"
EndProject
Global
	GlobalSection(SolutionConfigurationPlatforms) = preSolution
		Debug|x64 = Debug|x64
		Debug|x86 = Debug|x86
		Release|x64 = Release|x64
		Release|x86 = Release|x86
	EndGlobalSection
	GlobalSection(ProjectConfigurationPlatforms) = postSolution
		{6E2B8985-4B2B-4BA3-A792-451F2423F76B}.Debug|x64.ActiveCfg = Debug|x64
		{6E2B8985-4B2B-4BA3-A792-451F2423F76B}.Debug|x64.Build.0 = Debug|x64
		{6E2B8985-4B2B-4BA3-A792-451F2423F76B}.Debug|x86.ActiveCfg = Debug|Win32
		{6E2B8985-4B2B-4BA3-A792-451F2423F76B}.Debug|x86.Build.0 = Debug|Win32
		{6E2B8985-4B2B-4BA3-A792-451F2423F76B}.Release|x64.ActiveCfg = Release|x64
		{6E2B8985-4B2B-4BA3-A792-451F2423F76B}.Release|x64.Build.0 = Release|x64
		{6E2B8985-4B2B-4BA3-A792-451F2423F76B}.Release|x86.ActiveCfg = Release|Win32
		{6E2B8985-4B2B-4BA3-A792-451F2423F76B}.Release|x86.Build.0 = Release|Win32
	EndGlobalSection
	GlobalSection(SolutionProperties) = preSolution
		HideSolutionNode = FALSE
	EndGlobalSection
	GlobalSection(ExtensibilityGlobals) = postSolution
		SolutionGuid = {13BB3610-F4EB-4E7B-BF6E-AD3F92465F6E}
	EndGlobalSection
EndGlobal
